{
  "name": "@cityssm/expressjs-server-js",
  "version": "0.1.1",
  "lockfileVersion": 1,
  "requires": true,
  "dependencies": {
    "@types/better-sqlite3": {
      "version": "5.4.0",
      "resolved": "https://registry.npmjs.org/@types/better-sqlite3/-/better-sqlite3-5.4.0.tgz",
      "integrity": "sha512-nzm7lJ7l3jBmGUbtkL8cdOMhPkN6Pw2IM+b0V7iIKba+YKiLrjkIy7vVLsBIVnd7+lgzBzrHsXZxCaFTcmw5Ow==",
      "dev": true,
      "requires": {
        "@types/integer": "*"
      }
    },
    "@types/integer": {
      "version": "1.0.0",
      "resolved": "https://registry.npmjs.org/@types/integer/-/integer-1.0.0.tgz",
      "integrity": "sha512-3viiRKLoSP2Qr78nMoQjkDc0fan4BgmpOyV1+1gKjE8wWXo3QQ78WItO6f9WuBf3qe3ymDYhM65oqHTOZ0rFxw==",
      "dev": true
    },
    "convert-array-to-csv": {
      "version": "2.0.0",
      "resolved": "https://registry.npmjs.org/convert-array-to-csv/-/convert-array-to-csv-2.0.0.tgz",
      "integrity": "sha512-dxUINCt28k6WbXGMoB+AaKjGY0Y6GkKwZmT+kvD4nJgVCOKsnIQ3G6n0v2II1lG4NwXQk6EWZ+pPDub9wcqqMg=="
    },
    "fresh-password": {
      "version": "1.0.0",
      "resolved": "https://registry.npmjs.org/fresh-password/-/fresh-password-1.0.0.tgz",
      "integrity": "sha512-C0LuOIGSi+ju53X7v1wkZRm/ojus+QBgiNAXS3l8kgd+Ja1lScvBTyLOoC53J3R6WA5mBmNVU0JBM2NPG01YqA=="
    }
  }
}
