{
  "name": "@cityssm/expressjs-server-js",
  "version": "0.0.4",
  "lockfileVersion": 1,
  "requires": true,
  "dependencies": {
    "@types/better-sqlite3": {
      "version": "5.4.0",
      "resolved": "https://registry.npmjs.org/@types/better-sqlite3/-/better-sqlite3-5.4.0.tgz",
      "integrity": "sha512-nzm7lJ7l3jBmGUbtkL8cdOMhPkN6Pw2IM+b0V7iIKba+YKiLrjkIy7vVLsBIVnd7+lgzBzrHsXZxCaFTcmw5Ow==",
      "dev": true,
      "requires": {
        "@types/integer": "*"
      }
    },
    "@types/integer": {
      "version": "1.0.0",
      "resolved": "https://registry.npmjs.org/@types/integer/-/integer-1.0.0.tgz",
      "integrity": "sha512-3viiRKLoSP2Qr78nMoQjkDc0fan4BgmpOyV1+1gKjE8wWXo3QQ78WItO6f9WuBf3qe3ymDYhM65oqHTOZ0rFxw==",
      "dev": true
    },
    "@types/node": {
      "version": "13.13.5",
      "resolved": "https://registry.npmjs.org/@types/node/-/node-13.13.5.tgz",
      "integrity": "sha512-3ySmiBYJPqgjiHA7oEaIo2Rzz0HrOZ7yrNO5HWyaE5q0lQ3BppDZ3N53Miz8bw2I7gh1/zir2MGVZBvpb1zq9g==",
      "dev": true
    },
    "convert-array-to-csv": {
      "version": "1.0.12",
      "resolved": "https://registry.npmjs.org/convert-array-to-csv/-/convert-array-to-csv-1.0.12.tgz",
      "integrity": "sha512-1PcSrmuJ+IhwTQ76ivWdMrQmM68gLbyaM44aXUIfbyPehvzPHdsv4iJh5yZtDN/G1zIhECsQMvzLpGxh2+pmkA=="
    },
    "fresh-password": {
      "version": "1.0.0",
      "resolved": "https://registry.npmjs.org/fresh-password/-/fresh-password-1.0.0.tgz",
      "integrity": "sha512-C0LuOIGSi+ju53X7v1wkZRm/ojus+QBgiNAXS3l8kgd+Ja1lScvBTyLOoC53J3R6WA5mBmNVU0JBM2NPG01YqA=="
    }
  }
}
